
Microsoft Visual Studio Solution File, Format Version 12.00
# Visual Studio Version 17
VisualStudioVersion = 17.5.002.0
MinimumVisualStudioVersion = 10.0.40219.1
Project("{9A19103F-16F7-4668-BE54-9A1E7A4F7556}") = "SQLiteVsLiteDb", "SQLiteVsLiteDb.csproj", "{6DCB9DD9-5C37-4B50-A969-AF14CF7D0BA3}"
EndProject
Global
	GlobalSection(SolutionConfigurationPlatforms) = preSolution
		Debug|Any CPU = Debug|Any CPU
		Release|Any CPU = Release|Any CPU
	EndGlobalSection
	GlobalSection(ProjectConfigurationPlatforms) = postSolution
		{6DCB9DD9-5C37-4B50-A969-AF14CF7D0BA3}.Debug|Any CPU.ActiveCfg = Debug|Any CPU
		{6DCB9DD9-5C37-4B50-A969-AF14CF7D0BA3}.Debug|Any CPU.Build.0 = Debug|Any CPU
		{6DCB9DD9-5C37-4B50-A969-AF14CF7D0BA3}.Release|Any CPU.ActiveCfg = Release|Any CPU
		{6DCB9DD9-5C37-4B50-A969-AF14CF7D0BA3}.Release|Any CPU.Build.0 = Release|Any CPU
	EndGlobalSection
	GlobalSection(SolutionProperties) = preSolution
		HideSolutionNode = FALSE
	EndGlobalSection
	GlobalSection(ExtensibilityGlobals) = postSolution
		SolutionGuid = {83BE4A09-7D18-4C56-A477-A827E41C66B4}
	EndGlobalSection
EndGlobal
